
Microsoft Visual Studio Solution File, Format Version 11.00
# Visual Studio 2010
Project("{FAE04EC0-301F-11D3-BF4B-00C04F79EFBC}") = "WALI_Launcher_ETW", "WALI_Launcher_ETW\WALI_Launcher_ETW.csproj", "{C1832B49-F255-4509-A307-BEF57655D9BA}"
EndProject
Project("{FAE04EC0-301F-11D3-BF4B-00C04F79EFBC}") = "WALI_Engine", "WALI_Engine\WALI_Engine.csproj", "{939CA51C-6BA0-4474-AE3F-4A6E3B73E0B4}"
EndProject
Global
	GlobalSection(SolutionConfigurationPlatforms) = preSolution
		Debug|Any CPU = Debug|Any CPU
		Debug|Mixed Platforms = Debug|Mixed Platforms
		Debug|x86 = Debug|x86
		Release|Any CPU = Release|Any CPU
		Release|Mixed Platforms = Release|Mixed Platforms
		Release|x86 = Release|x86
	EndGlobalSection
	GlobalSection(ProjectConfigurationPlatforms) = postSolution
		{C1832B49-F255-4509-A307-BEF57655D9BA}.Debug|Any CPU.ActiveCfg = Debug|Any CPU
		{C1832B49-F255-4509-A307-BEF57655D9BA}.Debug|Any CPU.Build.0 = Debug|Any CPU
		{C1832B49-F255-4509-A307-BEF57655D9BA}.Debug|Mixed Platforms.ActiveCfg = Debug|Any CPU
		{C1832B49-F255-4509-A307-BEF57655D9BA}.Debug|Mixed Platforms.Build.0 = Debug|Any CPU
		{C1832B49-F255-4509-A307-BEF57655D9BA}.Debug|x86.ActiveCfg = Debug|Any CPU
		{C1832B49-F255-4509-A307-BEF57655D9BA}.Release|Any CPU.ActiveCfg = Release|Any CPU
		{C1832B49-F255-4509-A307-BEF57655D9BA}.Release|Any CPU.Build.0 = Release|Any CPU
		{C1832B49-F255-4509-A307-BEF57655D9BA}.Release|Mixed Platforms.ActiveCfg = Release|Any CPU
		{C1832B49-F255-4509-A307-BEF57655D9BA}.Release|Mixed Platforms.Build.0 = Release|Any CPU
		{C1832B49-F255-4509-A307-BEF57655D9BA}.Release|x86.ActiveCfg = Release|Any CPU
		{939CA51C-6BA0-4474-AE3F-4A6E3B73E0B4}.Debug|Any CPU.ActiveCfg = Debug|x86
		{939CA51C-6BA0-4474-AE3F-4A6E3B73E0B4}.Debug|Mixed Platforms.ActiveCfg = Debug|x86
		{939CA51C-6BA0-4474-AE3F-4A6E3B73E0B4}.Debug|Mixed Platforms.Build.0 = Debug|x86
		{939CA51C-6BA0-4474-AE3F-4A6E3B73E0B4}.Debug|x86.ActiveCfg = Debug|x86
		{939CA51C-6BA0-4474-AE3F-4A6E3B73E0B4}.Debug|x86.Build.0 = Debug|x86
		{939CA51C-6BA0-4474-AE3F-4A6E3B73E0B4}.Release|Any CPU.ActiveCfg = Release|x86
		{939CA51C-6BA0-4474-AE3F-4A6E3B73E0B4}.Release|Mixed Platforms.ActiveCfg = Release|x86
		{939CA51C-6BA0-4474-AE3F-4A6E3B73E0B4}.Release|Mixed Platforms.Build.0 = Release|x86
		{939CA51C-6BA0-4474-AE3F-4A6E3B73E0B4}.Release|x86.ActiveCfg = Release|x86
		{939CA51C-6BA0-4474-AE3F-4A6E3B73E0B4}.Release|x86.Build.0 = Release|x86
	EndGlobalSection
	GlobalSection(SolutionProperties) = preSolution
		HideSolutionNode = FALSE
	EndGlobalSection
EndGlobal
